
Microsoft Visual Studio Solution File, Format Version 12.00
# Visual Studio Version 16
VisualStudioVersion = 16.0.29409.12
MinimumVisualStudioVersion = 10.0.40219.1
Project("{FAE04EC0-301F-11D3-BF4B-00C04F79EFBC}") = "ReferenzDatentypen", "ReferenzDatentypen\ReferenzDatentypen.csproj", "{293ECE26-431F-4AB4-8A8E-F304EC0AB965}"
EndProject
Project("{FAE04EC0-301F-11D3-BF4B-00C04F79EFBC}") = "FormDemo", "FormDemo\FormDemo.csproj", "{8B0E8E84-019C-43FC-9971-F42D6BF391E2}"
EndProject
Global
	GlobalSection(SolutionConfigurationPlatforms) = preSolution
		Debug|Any CPU = Debug|Any CPU
		Release|Any CPU = Release|Any CPU
	EndGlobalSection
	GlobalSection(ProjectConfigurationPlatforms) = postSolution
		{293ECE26-431F-4AB4-8A8E-F304EC0AB965}.Debug|Any CPU.ActiveCfg = Debug|Any CPU
		{293ECE26-431F-4AB4-8A8E-F304EC0AB965}.Debug|Any CPU.Build.0 = Debug|Any CPU
		{293ECE26-431F-4AB4-8A8E-F304EC0AB965}.Release|Any CPU.ActiveCfg = Release|Any CPU
		{293ECE26-431F-4AB4-8A8E-F304EC0AB965}.Release|Any CPU.Build.0 = Release|Any CPU
		{8B0E8E84-019C-43FC-9971-F42D6BF391E2}.Debug|Any CPU.ActiveCfg = Debug|Any CPU
		{8B0E8E84-019C-43FC-9971-F42D6BF391E2}.Debug|Any CPU.Build.0 = Debug|Any CPU
		{8B0E8E84-019C-43FC-9971-F42D6BF391E2}.Release|Any CPU.ActiveCfg = Release|Any CPU
		{8B0E8E84-019C-43FC-9971-F42D6BF391E2}.Release|Any CPU.Build.0 = Release|Any CPU
	EndGlobalSection
	GlobalSection(SolutionProperties) = preSolution
		HideSolutionNode = FALSE
	EndGlobalSection
	GlobalSection(ExtensibilityGlobals) = postSolution
		SolutionGuid = {7691BC8F-C63E-4C2F-A9F1-D5F065019CA3}
	EndGlobalSection
EndGlobal
